
Microsoft Visual Studio Solution File, Format Version 12.00
# Visual Studio Version 17
VisualStudioVersion = 17.5.33516.290
MinimumVisualStudioVersion = 10.0.40219.1
Project("{FAE04EC0-301F-11D3-BF4B-00C04F79EFBC}") = "Bhothich2", "Bhothich2\Bhothich2.csproj", "{5FE234E2-8CED-4013-B0DB-64C065B69593}"
EndProject
Global
	GlobalSection(SolutionConfigurationPlatforms) = preSolution
		Debug|Any CPU = Debug|Any CPU
		Release|Any CPU = Release|Any CPU
	EndGlobalSection
	GlobalSection(ProjectConfigurationPlatforms) = postSolution
		{5FE234E2-8CED-4013-B0DB-64C065B69593}.Debug|Any CPU.ActiveCfg = Debug|Any CPU
		{5FE234E2-8CED-4013-B0DB-64C065B69593}.Debug|Any CPU.Build.0 = Debug|Any CPU
		{5FE234E2-8CED-4013-B0DB-64C065B69593}.Release|Any CPU.ActiveCfg = Release|Any CPU
		{5FE234E2-8CED-4013-B0DB-64C065B69593}.Release|Any CPU.Build.0 = Release|Any CPU
	EndGlobalSection
	GlobalSection(SolutionProperties) = preSolution
		HideSolutionNode = FALSE
	EndGlobalSection
	GlobalSection(ExtensibilityGlobals) = postSolution
		SolutionGuid = {FA78586E-A50F-49F1-9226-27E11B8E82E2}
	EndGlobalSection
EndGlobal
